
Microsoft Visual Studio Solution File, Format Version 12.00
# Visual Studio Version 17
VisualStudioVersion = 17.5.33424.131
MinimumVisualStudioVersion = 10.0.40219.1
Project("{FAE04EC0-301F-11D3-BF4B-00C04F79EFBC}") = "AFPE", "AFPE\AFPE.csproj", "{F04FE73C-02C0-4D1E-B2F7-BC3897A843C5}"
EndProject
Global
	GlobalSection(SolutionConfigurationPlatforms) = preSolution
		Debug|Any CPU = Debug|Any CPU
		Release|Any CPU = Release|Any CPU
	EndGlobalSection
	GlobalSection(ProjectConfigurationPlatforms) = postSolution
		{F04FE73C-02C0-4D1E-B2F7-BC3897A843C5}.Debug|Any CPU.ActiveCfg = Debug|Any CPU
		{F04FE73C-02C0-4D1E-B2F7-BC3897A843C5}.Debug|Any CPU.Build.0 = Debug|Any CPU
		{F04FE73C-02C0-4D1E-B2F7-BC3897A843C5}.Release|Any CPU.ActiveCfg = Release|Any CPU
		{F04FE73C-02C0-4D1E-B2F7-BC3897A843C5}.Release|Any CPU.Build.0 = Release|Any CPU
	EndGlobalSection
	GlobalSection(SolutionProperties) = preSolution
		HideSolutionNode = FALSE
	EndGlobalSection
	GlobalSection(ExtensibilityGlobals) = postSolution
		SolutionGuid = {B25C761E-CADB-4E06-A71F-78D6F5F68E37}
	EndGlobalSection
EndGlobal
